{
  "name": "S73_Reva_Capstone_Manjiri",
  "lockfileVersion": 3,
  "requires": true,
  "packages": {
    "": {
      "dependencies": {
        "jwtoken": "^0.0.0"
      }
    },
    "node_modules/jwtoken": {
      "version": "0.0.0",
      "resolved": "https://registry.npmjs.org/jwtoken/-/jwtoken-0.0.0.tgz",
      "integrity": "sha512-ksJY5AC2eo7FJ6HSpB6dacZI38njm46m0W13hzt1EojRtL5eXwdf/e8NHP81brPkczspmMCucpRjzBjN/J9DXw==",
      "license": "MIT",
      "engines": {
        "node": ">= 10"
      }
    }
  }
}
